
Microsoft Visual Studio Solution File, Format Version 12.00
# Visual Studio 15
VisualStudioVersion = 15.0.26430.14
MinimumVisualStudioVersion = 10.0.40219.1
Project("{DA7A21FA-8162-4350-AD77-A8D1B671F3ED}") = "mvdens", "mvdens.rxproj", "{D7232883-0904-46B2-BB3B-18E98434AA5A}"
EndProject
Global
	GlobalSection(SolutionConfigurationPlatforms) = preSolution
		Debug|Any CPU = Debug|Any CPU
		Release|Any CPU = Release|Any CPU
	EndGlobalSection
	GlobalSection(ProjectConfigurationPlatforms) = postSolution
		{D7232883-0904-46B2-BB3B-18E98434AA5A}.Debug|Any CPU.ActiveCfg = Debug|Any CPU
		{D7232883-0904-46B2-BB3B-18E98434AA5A}.Debug|Any CPU.Build.0 = Debug|Any CPU
		{D7232883-0904-46B2-BB3B-18E98434AA5A}.Release|Any CPU.ActiveCfg = Debug|Any CPU
		{D7232883-0904-46B2-BB3B-18E98434AA5A}.Release|Any CPU.Build.0 = Debug|Any CPU
	EndGlobalSection
	GlobalSection(SolutionProperties) = preSolution
		HideSolutionNode = FALSE
	EndGlobalSection
EndGlobal
